
Microsoft Visual Studio Solution File, Format Version 12.00
# Visual Studio Version 16
VisualStudioVersion = 16.0.29613.14
MinimumVisualStudioVersion = 10.0.40219.1
Project("{9A19103F-16F7-4668-BE54-9A1E7A4F7556}") = "ProductCatalogAPI", "ProductCatalogAPI\ProductCatalogAPI.csproj", "{0CAD330C-FB3B-4E01-84F3-804BB8E8E1BA}"
EndProject
Project("{2150E333-8FDC-42A3-9474-1A3956D46DE8}") = "src", "src", "{371897BC-0589-4F69-8381-92B4163F66C1}"
EndProject
Project("{2150E333-8FDC-42A3-9474-1A3956D46DE8}") = "services", "services", "{342D1682-B118-46CD-B7A6-AC2C9B8CA336}"
EndProject
Project("{2150E333-8FDC-42A3-9474-1A3956D46DE8}") = "web", "web", "{AEE65B08-3F92-4F41-9ED3-0D3960A5E61D}"
EndProject
Project("{E53339B2-1760-4266-BCC7-CA923CBCF16C}") = "docker-compose", "docker-compose.dcproj", "{FD70081E-2020-4D08-9C19-C60DCE8B51FA}"
EndProject
Project("{9A19103F-16F7-4668-BE54-9A1E7A4F7556}") = "WebMvc", "WebMvc\WebMvc.csproj", "{693C2EC6-8059-46D1-A503-C8FC15A527D9}"
EndProject
Project("{9A19103F-16F7-4668-BE54-9A1E7A4F7556}") = "TokenServiceAPI", "TokenServiceAPI\TokenServiceAPI.csproj", "{D709142A-DAD8-434C-AAD0-353D3033AD28}"
EndProject
Project("{9A19103F-16F7-4668-BE54-9A1E7A4F7556}") = "CartApi", "CartApi\CartApi.csproj", "{50D82C41-1B11-467C-B594-000F8A2687EF}"
EndProject
Project("{FAE04EC0-301F-11D3-BF4B-00C04F79EFBC}") = "OrderApi", "OrderApi\OrderApi.csproj", "{BA312CD2-8200-43F2-9C07-D094E303B22E}"
EndProject
Global
	GlobalSection(SolutionConfigurationPlatforms) = preSolution
		Debug|Any CPU = Debug|Any CPU
		Release|Any CPU = Release|Any CPU
	EndGlobalSection
	GlobalSection(ProjectConfigurationPlatforms) = postSolution
		{0CAD330C-FB3B-4E01-84F3-804BB8E8E1BA}.Debug|Any CPU.ActiveCfg = Debug|Any CPU
		{0CAD330C-FB3B-4E01-84F3-804BB8E8E1BA}.Debug|Any CPU.Build.0 = Debug|Any CPU
		{0CAD330C-FB3B-4E01-84F3-804BB8E8E1BA}.Release|Any CPU.ActiveCfg = Release|Any CPU
		{0CAD330C-FB3B-4E01-84F3-804BB8E8E1BA}.Release|Any CPU.Build.0 = Release|Any CPU
		{FD70081E-2020-4D08-9C19-C60DCE8B51FA}.Debug|Any CPU.ActiveCfg = Debug|Any CPU
		{FD70081E-2020-4D08-9C19-C60DCE8B51FA}.Debug|Any CPU.Build.0 = Debug|Any CPU
		{FD70081E-2020-4D08-9C19-C60DCE8B51FA}.Release|Any CPU.ActiveCfg = Release|Any CPU
		{FD70081E-2020-4D08-9C19-C60DCE8B51FA}.Release|Any CPU.Build.0 = Release|Any CPU
		{693C2EC6-8059-46D1-A503-C8FC15A527D9}.Debug|Any CPU.ActiveCfg = Debug|Any CPU
		{693C2EC6-8059-46D1-A503-C8FC15A527D9}.Debug|Any CPU.Build.0 = Debug|Any CPU
		{693C2EC6-8059-46D1-A503-C8FC15A527D9}.Release|Any CPU.ActiveCfg = Release|Any CPU
		{693C2EC6-8059-46D1-A503-C8FC15A527D9}.Release|Any CPU.Build.0 = Release|Any CPU
		{D709142A-DAD8-434C-AAD0-353D3033AD28}.Debug|Any CPU.ActiveCfg = Debug|Any CPU
		{D709142A-DAD8-434C-AAD0-353D3033AD28}.Debug|Any CPU.Build.0 = Debug|Any CPU
		{D709142A-DAD8-434C-AAD0-353D3033AD28}.Release|Any CPU.ActiveCfg = Release|Any CPU
		{D709142A-DAD8-434C-AAD0-353D3033AD28}.Release|Any CPU.Build.0 = Release|Any CPU
		{50D82C41-1B11-467C-B594-000F8A2687EF}.Debug|Any CPU.ActiveCfg = Debug|Any CPU
		{50D82C41-1B11-467C-B594-000F8A2687EF}.Debug|Any CPU.Build.0 = Debug|Any CPU
		{50D82C41-1B11-467C-B594-000F8A2687EF}.Release|Any CPU.ActiveCfg = Release|Any CPU
		{50D82C41-1B11-467C-B594-000F8A2687EF}.Release|Any CPU.Build.0 = Release|Any CPU
		{BA312CD2-8200-43F2-9C07-D094E303B22E}.Debug|Any CPU.ActiveCfg = Debug|Any CPU
		{BA312CD2-8200-43F2-9C07-D094E303B22E}.Debug|Any CPU.Build.0 = Debug|Any CPU
		{BA312CD2-8200-43F2-9C07-D094E303B22E}.Release|Any CPU.ActiveCfg = Release|Any CPU
		{BA312CD2-8200-43F2-9C07-D094E303B22E}.Release|Any CPU.Build.0 = Release|Any CPU
	EndGlobalSection
	GlobalSection(SolutionProperties) = preSolution
		HideSolutionNode = FALSE
	EndGlobalSection
	GlobalSection(NestedProjects) = preSolution
		{0CAD330C-FB3B-4E01-84F3-804BB8E8E1BA} = {342D1682-B118-46CD-B7A6-AC2C9B8CA336}
		{342D1682-B118-46CD-B7A6-AC2C9B8CA336} = {371897BC-0589-4F69-8381-92B4163F66C1}
		{AEE65B08-3F92-4F41-9ED3-0D3960A5E61D} = {371897BC-0589-4F69-8381-92B4163F66C1}
		{693C2EC6-8059-46D1-A503-C8FC15A527D9} = {AEE65B08-3F92-4F41-9ED3-0D3960A5E61D}
		{D709142A-DAD8-434C-AAD0-353D3033AD28} = {342D1682-B118-46CD-B7A6-AC2C9B8CA336}
		{50D82C41-1B11-467C-B594-000F8A2687EF} = {342D1682-B118-46CD-B7A6-AC2C9B8CA336}
		{BA312CD2-8200-43F2-9C07-D094E303B22E} = {342D1682-B118-46CD-B7A6-AC2C9B8CA336}
	EndGlobalSection
	GlobalSection(ExtensibilityGlobals) = postSolution
		SolutionGuid = {8807896B-D501-4877-8347-52CAB465D6EC}
	EndGlobalSection
EndGlobal
